NeoBundleLock neobundle.vim da586948ea027442d6c1b724e3b8c0937e224454
NeoBundleLock neocomplcache 778181767467b8f8016828898779a646074d883a
NeoBundleLock syntastic 5dba05af4fb9e69472a994bb1228c6b86a47911a
NeoBundleLock unite.vim 774d04d39f663d65cd3a97c60fd6d2f8cc5a5686
NeoBundleLock vim-easymotion 9f1c449edfce6d61c7f620e3a9c1389b7b7e334f
